
Microsoft Visual Studio Solution File, Format Version 12.00
# Visual Studio 15
VisualStudioVersion = 15.0.28307.329
MinimumVisualStudioVersion = 10.0.40219.1
Project("{FAE04EC0-301F-11D3-BF4B-00C04F79EFBC}") = "Tracking", "Tracking\Tracking.csproj", "{09814732-0BF7-406C-B8E4-BEFC93F60D3A}"
EndProject
Global
	GlobalSection(SolutionConfigurationPlatforms) = preSolution
		Debug|Any CPU = Debug|Any CPU
		Release|Any CPU = Release|Any CPU
	EndGlobalSection
	GlobalSection(ProjectConfigurationPlatforms) = postSolution
		{09814732-0BF7-406C-B8E4-BEFC93F60D3A}.Debug|Any CPU.ActiveCfg = Debug|Any CPU
		{09814732-0BF7-406C-B8E4-BEFC93F60D3A}.Debug|Any CPU.Build.0 = Debug|Any CPU
		{09814732-0BF7-406C-B8E4-BEFC93F60D3A}.Release|Any CPU.ActiveCfg = Release|Any CPU
		{09814732-0BF7-406C-B8E4-BEFC93F60D3A}.Release|Any CPU.Build.0 = Release|Any CPU
	EndGlobalSection
	GlobalSection(SolutionProperties) = preSolution
		HideSolutionNode = FALSE
	EndGlobalSection
	GlobalSection(ExtensibilityGlobals) = postSolution
		SolutionGuid = {C009C09C-70A2-41BF-B920-20EAB954B9D1}
	EndGlobalSection
EndGlobal
